
Microsoft Visual Studio Solution File, Format Version 12.00
# Visual Studio Version 16
VisualStudioVersion = 16.0.31515.178
MinimumVisualStudioVersion = 10.0.40219.1
Project("{888888A0-9F3D-457C-B088-3A5042F75D52}") = "FlaskWebProject1", "FlaskWebProject1.pyproj", "{141EAE3C-3721-4C7C-A541-AA1EF95EBD57}"
EndProject
Global
	GlobalSection(SolutionConfigurationPlatforms) = preSolution
		Debug|Any CPU = Debug|Any CPU
		Release|Any CPU = Release|Any CPU
	EndGlobalSection
	GlobalSection(ProjectConfigurationPlatforms) = postSolution
		{141EAE3C-3721-4C7C-A541-AA1EF95EBD57}.Debug|Any CPU.ActiveCfg = Debug|Any CPU
		{141EAE3C-3721-4C7C-A541-AA1EF95EBD57}.Debug|Any CPU.Build.0 = Debug|Any CPU
		{141EAE3C-3721-4C7C-A541-AA1EF95EBD57}.Release|Any CPU.ActiveCfg = Release|Any CPU
		{141EAE3C-3721-4C7C-A541-AA1EF95EBD57}.Release|Any CPU.Build.0 = Release|Any CPU
	EndGlobalSection
	GlobalSection(SolutionProperties) = preSolution
		HideSolutionNode = FALSE
	EndGlobalSection
	GlobalSection(ExtensibilityGlobals) = postSolution
		SolutionGuid = {AD3C5116-CDF7-4D1B-9351-F464A1BC308B}
	EndGlobalSection
EndGlobal
